
Microsoft Visual Studio Solution File, Format Version 12.00
# Visual Studio Version 17
VisualStudioVersion = 17.3.32922.545
MinimumVisualStudioVersion = 10.0.40219.1
Project("{FAE04EC0-301F-11D3-BF4B-00C04F79EFBC}") = "Laboratorio 5 progra 2.0", "Laboratorio 5 progra 2.0\Laboratorio 5 progra 2.0.csproj", "{D22EB879-BBA4-4C95-9305-9AC2F49FE09E}"
EndProject
Global
	GlobalSection(SolutionConfigurationPlatforms) = preSolution
		Debug|Any CPU = Debug|Any CPU
		Release|Any CPU = Release|Any CPU
	EndGlobalSection
	GlobalSection(ProjectConfigurationPlatforms) = postSolution
		{D22EB879-BBA4-4C95-9305-9AC2F49FE09E}.Debug|Any CPU.ActiveCfg = Debug|Any CPU
		{D22EB879-BBA4-4C95-9305-9AC2F49FE09E}.Debug|Any CPU.Build.0 = Debug|Any CPU
		{D22EB879-BBA4-4C95-9305-9AC2F49FE09E}.Release|Any CPU.ActiveCfg = Release|Any CPU
		{D22EB879-BBA4-4C95-9305-9AC2F49FE09E}.Release|Any CPU.Build.0 = Release|Any CPU
	EndGlobalSection
	GlobalSection(SolutionProperties) = preSolution
		HideSolutionNode = FALSE
	EndGlobalSection
	GlobalSection(ExtensibilityGlobals) = postSolution
		SolutionGuid = {94E3DF1B-8825-4922-B32D-BE1E1F970036}
	EndGlobalSection
EndGlobal
